version = 1
requires-python = ">=3.11"
resolution-markers = [
    "python_full_version < '3.12'",
    "python_full_version == '3.12.*'",
    "python_full_version >= '3.13'",
]

[[package]]
name = "einops"
version = "0.8.0"
source = { registry = "https://pypi.org/simple" }
sdist = { url = "https://files.pythonhosted.org/packages/79/ca/9f5dcb8bead39959454c3912266bedc4c315839cee0e0ca9f4328f4588c1/einops-0.8.0.tar.gz", hash = "sha256:63486517fed345712a8385c100cb279108d9d47e6ae59099b07657e983deae85", size = 58861 }
wheels = [
    { url = "https://files.pythonhosted.org/packages/44/5a/f0b9ad6c0a9017e62d4735daaeb11ba3b6c009d69a26141b258cd37b5588/einops-0.8.0-py3-none-any.whl", hash = "sha256:9572fb63046264a862693b0a87088af3bdc8c068fde03de63453cbbde245465f", size = 43223 },
]

[[package]]
name = "equimo"
version = "0.1.3a3"
source = { virtual = "." }
dependencies = [
    { name = "einops" },
    { name = "equinox" },
    { name = "jax" },
    { name = "jaxlib" },
]

[package.metadata]
requires-dist = [
    { name = "einops", specifier = ">=0.8.0" },
    { name = "equinox", specifier = ">=0.11.5" },
    { name = "jax", specifier = ">=0.4.25" },
    { name = "jaxlib", specifier = ">=0.4.25" },
]

[[package]]
name = "equinox"
version = "0.11.9"
source = { registry = "https://pypi.org/simple" }
dependencies = [
    { name = "jax" },
    { name = "jaxtyping" },
    { name = "typing-extensions" },
]
sdist = { url = "https://files.pythonhosted.org/packages/f0/d1/efc255a296fad39fb704411ca8cc212775fa3fcc0e4a741971216e1098b3/equinox-0.11.9.tar.gz", hash = "sha256:e0f0fa5ea597949492d201ab4d08b05c2d5b4020c65a1778aedf6ad76c2c4fe7", size = 140791 }
wheels = [
    { url = "https://files.pythonhosted.org/packages/51/6a/aece19b15fe69057e87c5c8accf3209d4c51d57d7997bbdbba49ad543f80/equinox-0.11.9-py3-none-any.whl", hash = "sha256:d9257a5f9d923b18e309ba046bffaf92f49c8b03c577d1df8bc446f9a64055f4", size = 179312 },
]

[[package]]
name = "jax"
version = "0.4.35"
source = { registry = "https://pypi.org/simple" }
dependencies = [
    { name = "jaxlib" },
    { name = "ml-dtypes" },
    { name = "numpy" },
    { name = "opt-einsum" },
    { name = "scipy" },
]
sdist = { url = "https://files.pythonhosted.org/packages/e3/34/21da583b9596e72bb8e95b6197dee0a44b96b9ea2c147fccabd43ca5515b/jax-0.4.35.tar.gz", hash = "sha256:c0c986993026b10bf6f607fecb7417377460254640766ce40f1fef3fd139c12e", size = 1861189 }
wheels = [
    { url = "https://files.pythonhosted.org/packages/62/20/6c57c50c0ccc645fea1895950f1e5cd02f961ee44b3ffe83617fa46b0c1d/jax-0.4.35-py3-none-any.whl", hash = "sha256:fa99e909a31424abfec750019a6dd36f6acc18a6e7d40e2c0086b932cc351325", size = 2158621 },
]

[[package]]
name = "jaxlib"
version = "0.4.35"
source = { registry = "https://pypi.org/simple" }
dependencies = [
    { name = "ml-dtypes" },
    { name = "numpy" },
    { name = "scipy" },
]
wheels = [
    { url = "https://files.pythonhosted.org/packages/ee/01/4be899cf8d05920877b46b8acf51083dedaba206e951d88ddf7b098bed80/jaxlib-0.4.35-cp311-cp311-macosx_10_14_x86_64.whl", hash = "sha256:7f8bfc90f68857b223b7e38a9bdf466a4f1cb405c9a4aa11698dc9ab7b35c29b", size = 87895891 },
    { url = "https://files.pythonhosted.org/packages/55/77/ca1e70bc3a161c1043d2e169a618263f865bf959433e5bf40ea56ec13e5e/jaxlib-0.4.35-cp311-cp311-macosx_11_0_arm64.whl", hash = "sha256:261570c94b169dc90f3af903282eeec856b52736c0944d243504ced93d19b217", size = 68045181 },
    { url = "https://files.pythonhosted.org/packages/cd/2f/a8f4c441718558406cf27749415d1aa14bdac9dbd06fadb7bb4742c53637/jaxlib-0.4.35-cp311-cp311-manylinux2014_aarch64.whl", hash = "sha256:e1cee6dc291251f3fb6b0127fdd96c0439ac1ea97e01571d06910df72d6ac6e1", size = 70614621 },
    { url = "https://files.pythonhosted.org/packages/c8/a6/1abe8d682d46cf2989f9c4928866ae80c30a54d607221a262cff8a5d9366/jaxlib-0.4.35-cp311-cp311-manylinux2014_x86_64.whl", hash = "sha256:bc9eafba001ff8569cfa252fe7f04ba553622702b4b473b656dd0866edf6b8d4", size = 87309681 },
    { url = "https://files.pythonhosted.org/packages/7d/7c/73a4c4a34f2bbfce63e8baefee11753b0d58a71e0d2c33f210e00edba3cb/jaxlib-0.4.35-cp311-cp311-win_amd64.whl", hash = "sha256:0fd990354d5623d3a34493fcd7213493390dbf5039bea19b62e2aaee1049eda9", size = 56520062 },
    { url = "https://files.pythonhosted.org/packages/ef/1c/901a59d9bc051b2a991163c46f58c50724d18ab25e71fa5556e5f68b84a4/jaxlib-0.4.35-cp312-cp312-macosx_10_14_x86_64.whl", hash = "sha256:b44f3e6e9fb748bb43df914356cf9d0d0c9a6e446a12c21fe843db25ed0df65f", size = 87936215 },
    { url = "https://files.pythonhosted.org/packages/da/ff/38030bc3c96fae50f629830afe9c63a8a040aae332f6e28cd529397ba114/jaxlib-0.4.35-cp312-cp312-macosx_11_0_arm64.whl", hash = "sha256:504d0a2e2117724359d99d7e3663022686dcdddd85aa14bdad02008d444481ad", size = 68063993 },
    { url = "https://files.pythonhosted.org/packages/55/27/83b6d2a1b380e20610e1449231c30c948cc4352c9a7e74a0d0d01bff8339/jaxlib-0.4.35-cp312-cp312-manylinux2014_aarch64.whl", hash = "sha256:187cb6929dc139b75d952d67c33118473c1b4105525a3e5607f064e7b8efdc74", size = 70629159 },
    { url = "https://files.pythonhosted.org/packages/6d/3f/5ac6dfef795f4f58645ccff0ebd65234cb77d7dbf1bdd2b6c49a677b64b0/jaxlib-0.4.35-cp312-cp312-manylinux2014_x86_64.whl", hash = "sha256:04d1db3bf0050d120238bfb9b686b58fefcc4d9dd9e2d96aecd3f68a1f1f5e0a", size = 87349348 },
    { url = "https://files.pythonhosted.org/packages/97/05/093b3c511837ba514f0b97581f7b21e1bb79768b8b9c29013a406b00d484/jaxlib-0.4.35-cp312-cp312-win_amd64.whl", hash = "sha256:dddffce48d7e6057008999aed2d8a9daecc57a48c45a4f8c475e00880eb2e41d", size = 56561679 },
    { url = "https://files.pythonhosted.org/packages/99/40/aedef37c44797779a01bf71a392145724e3e0fc369e5f08f55c3c82de733/jaxlib-0.4.35-cp313-cp313-macosx_10_14_x86_64.whl", hash = "sha256:14aeac3fea2ca1d5afb1878f72470b159cc89adb2633c5f0686f5d7c39f2ac18", size = 87934299 },
    { url = "https://files.pythonhosted.org/packages/94/42/62d4d13078886f4d22ca95ca07135f740cf9dd925f4cdb23d7b7d432403b/jaxlib-0.4.35-cp313-cp313-macosx_11_0_arm64.whl", hash = "sha256:e8c9579e20d5ecdc4f61336cdd032710cb8c38d5ae9c4fce0cf9ea031cef21cb", size = 68065641 },
    { url = "https://files.pythonhosted.org/packages/4d/a0/87a4eae3811ce7014ce2c59b811ad930273bfbbb8252ba78079606f9ec40/jaxlib-0.4.35-cp313-cp313-manylinux2014_aarch64.whl", hash = "sha256:7b11ad7c13f7f96f36efd303711ecac425f19ca2ddf65cf1be1541167a959ee5", size = 70629568 },
    { url = "https://files.pythonhosted.org/packages/b3/89/59d6fe10e30ff5a48a73319bafa9a11cd999f91a47e4f08f7dc3651c899c/jaxlib-0.4.35-cp313-cp313-manylinux2014_x86_64.whl", hash = "sha256:0be3cf9df879d9ae1b5b92fc281f77d21f522fcbae1a48a02661026bbd9b9309", size = 87350315 },
    { url = "https://files.pythonhosted.org/packages/79/d7/d7600c65fe0412a6584d84ca172816a8cf19965219ee3dd59542447ffe2f/jaxlib-0.4.35-cp313-cp313-win_amd64.whl", hash = "sha256:330c090bb9af413f552d8a92d097e50baec6b75823430fb2966a49f5298d4c43", size = 56562022 },
]

[[package]]
name = "jaxtyping"
version = "0.2.36"
source = { registry = "https://pypi.org/simple" }
sdist = { url = "https://files.pythonhosted.org/packages/a6/cc/76e38d7d24e590d1a819c9b203b537e5c6416e1c1aebc8c25f598a00d474/jaxtyping-0.2.36.tar.gz", hash = "sha256:781ac44a3cf8982063d7ee48b5008ccfad7b13793bf878eb3058d5319aa08f0f", size = 45171 }
wheels = [
    { url = "https://files.pythonhosted.org/packages/94/99/c83c6a97f4382caf1c9bfeeeca935d3eb1f479f711665aeadf4408048107/jaxtyping-0.2.36-py3-none-any.whl", hash = "sha256:b19bcbd4009df8734602203402483a4066ad2eb3382904432e370588e9c9707d", size = 55823 },
]

[[package]]
name = "ml-dtypes"
version = "0.5.0"
source = { registry = "https://pypi.org/simple" }
dependencies = [
    { name = "numpy" },
]
sdist = { url = "https://files.pythonhosted.org/packages/ab/79/717c5e22ad25d63ce3acdfe8ff8d64bdedec18914256c59b838218708b16/ml_dtypes-0.5.0.tar.gz", hash = "sha256:3e7d3a380fe73a63c884f06136f8baa7a5249cc8e9fdec677997dd78549f8128", size = 699367 }
wheels = [
    { url = "https://files.pythonhosted.org/packages/fe/29/8968fd7ee026c0d04c553fb1ce1cd67f9da668cd567d62c0cdc995ce989e/ml_dtypes-0.5.0-cp311-cp311-macosx_10_9_universal2.whl", hash = "sha256:60275f2b51b56834e840c4809fca840565f9bf8e9a73f6d8c94f5b5935701215", size = 736792 },
    { url = "https://files.pythonhosted.org/packages/19/93/14896596644dad2e041ac5ca7237e6233c484f7defa186ff88b18ee6110b/ml_dtypes-0.5.0-cp311-cp311-manylinux_2_17_aarch64.manylinux2014_aarch64.whl", hash = "sha256:76942f6aeb5c40766d5ea62386daa4148e6a54322aaf5b53eae9e7553240222f", size = 4392038 },
    { url = "https://files.pythonhosted.org/packages/89/65/ffdbf3489b0ba2213674ea347fad3a11747be64d2d23d888f9e5abe80a18/ml_dtypes-0.5.0-cp311-cp311-manylinux_2_17_x86_64.manylinux2014_x86_64.whl", hash = "sha256:2e7534392682c3098bc7341648c650864207169c654aed83143d7a19c67ae06f", size = 4499448 },
    { url = "https://files.pythonhosted.org/packages/bf/31/058b9bcf9a81abd51623985add78711a915e4b0f6045baa5f9a0b41eb039/ml_dtypes-0.5.0-cp311-cp311-win_amd64.whl", hash = "sha256:dc74fd9995513d33eac63d64e436240f5494ec74d522a9f0920194942fc3d2d7", size = 211916 },
    { url = "https://files.pythonhosted.org/packages/1c/b7/a067839f6e435785f34b09d96938dccb3a5d9502037de243cb84a2eb3f23/ml_dtypes-0.5.0-cp312-cp312-macosx_10_9_universal2.whl", hash = "sha256:d4b1a70a3e5219790d6b55b9507606fc4e02911d1497d16c18dd721eb7efe7d0", size = 750226 },
    { url = "https://files.pythonhosted.org/packages/31/75/bf571247bb3dbea73aa33ccae57ce322b9688003cfee2f68d303ab7b987b/ml_dtypes-0.5.0-cp312-cp312-manylinux_2_17_aarch64.manylinux2014_aarch64.whl", hash = "sha256:a988bac6572630e1e9c2edd9b1277b4eefd1c86209e52b0d061b775ac33902ff", size = 4420139 },
    { url = "https://files.pythonhosted.org/packages/6f/d3/1321715a95e856d4ef4fba24e4351cf5e4c89d459ad132a8cba5fe257d72/ml_dtypes-0.5.0-cp312-cp312-manylinux_2_17_x86_64.manylinux2014_x86_64.whl", hash = "sha256:a38df8df61194aeaae1ab7579075779b4ad32cd1cffd012c28be227fa7f2a70a", size = 4471130 },
    { url = "https://files.pythonhosted.org/packages/00/3a/40c40b78a7eb456837817bfa2c5bc442db59aefdf21c5ecb94700037813d/ml_dtypes-0.5.0-cp312-cp312-win_amd64.whl", hash = "sha256:afa08343069874a30812871d639f9c02b4158ace065601406a493a8511180c02", size = 213187 },
    { url = "https://files.pythonhosted.org/packages/b3/4a/18f670a2703e771a6775fbc354208e597ff062a88efb0cecc220a282210b/ml_dtypes-0.5.0-cp313-cp313-macosx_10_13_universal2.whl", hash = "sha256:d3b3db9990c3840986a0e70524e122cfa32b91139c3653df76121ba7776e015f", size = 753345 },
    { url = "https://files.pythonhosted.org/packages/ed/c6/358d85e274e22d53def0c85f3cbe0933475fa3cf6922e9dca66eb25cb22f/ml_dtypes-0.5.0-cp313-cp313-manylinux_2_17_aarch64.manylinux2014_aarch64.whl", hash = "sha256:e04fde367b2fe901b1d47234426fe8819909bd1dd862a5adb630f27789c20599", size = 4424962 },
    { url = "https://files.pythonhosted.org/packages/4c/b4/d766586e24e7a073333c8eb8bd9275f3c6fe0569b509ae7b1699d4f00c74/ml_dtypes-0.5.0-cp313-cp313-manylinux_2_17_x86_64.manylinux2014_x86_64.whl", hash = "sha256:54415257f00eb44fbcc807454efac3356f75644f1cbfc2d4e5522a72ae1dacab", size = 4475201 },
    { url = "https://files.pythonhosted.org/packages/14/87/30323ad2e52f56262019a4493fe5f5e71067c5561ce7e2f9c75de520f5e8/ml_dtypes-0.5.0-cp313-cp313-win_amd64.whl", hash = "sha256:cb5cc7b25acabd384f75bbd78892d0c724943f3e2e1986254665a1aa10982e07", size = 213195 },
]

[[package]]
name = "numpy"
version = "2.1.2"
source = { registry = "https://pypi.org/simple" }
sdist = { url = "https://files.pythonhosted.org/packages/4b/d1/8a730ea07f4a37d94f9172f4ce1d81064b7a64766b460378be278952de75/numpy-2.1.2.tar.gz", hash = "sha256:13532a088217fa624c99b843eeb54640de23b3414b14aa66d023805eb731066c", size = 18878063 }
wheels = [
    { url = "https://files.pythonhosted.org/packages/aa/9c/9a6ec3ae89cd0648d419781284308f2956d2a61d932b5ac9682c956a171b/numpy-2.1.2-cp311-cp311-macosx_10_9_x86_64.whl", hash = "sha256:b42a1a511c81cc78cbc4539675713bbcf9d9c3913386243ceff0e9429ca892fe", size = 21154845 },
    { url = "https://files.pythonhosted.org/packages/02/69/9f05c4ecc75fabf297b17743996371b4c3dfc4d92e15c5c38d8bb3db8d74/numpy-2.1.2-cp311-cp311-macosx_11_0_arm64.whl", hash = "sha256:faa88bc527d0f097abdc2c663cddf37c05a1c2f113716601555249805cf573f1", size = 13789409 },
    { url = "https://files.pythonhosted.org/packages/34/4e/f95c99217bf77bbfaaf660d693c10bd0dc03b6032d19316d316088c9e479/numpy-2.1.2-cp311-cp311-macosx_14_0_arm64.whl", hash = "sha256:c82af4b2ddd2ee72d1fc0c6695048d457e00b3582ccde72d8a1c991b808bb20f", size = 5352097 },
    { url = "https://files.pythonhosted.org/packages/06/13/f5d87a497c16658e9af8920449b0b5692b469586b8231340c672962071c5/numpy-2.1.2-cp311-cp311-macosx_14_0_x86_64.whl", hash = "sha256:13602b3174432a35b16c4cfb5de9a12d229727c3dd47a6ce35111f2ebdf66ff4", size = 6891195 },
    { url = "https://files.pythonhosted.org/packages/6c/89/691ac07429ac061b344d5e37fa8e94be51a6017734aea15f2d9d7c6d119a/numpy-2.1.2-cp311-cp311-manylinux_2_17_aarch64.manylinux2014_aarch64.whl", hash = "sha256:1ebec5fd716c5a5b3d8dfcc439be82a8407b7b24b230d0ad28a81b61c2f4659a", size = 13895153 },
    { url = "https://files.pythonhosted.org/packages/23/69/538317f0d925095537745f12aced33be1570bbdc4acde49b33748669af96/numpy-2.1.2-cp311-cp311-manylinux_2_17_x86_64.manylinux2014_x86_64.whl", hash = "sha256:e2b49c3c0804e8ecb05d59af8386ec2f74877f7ca8fd9c1e00be2672e4d399b1", size = 16338306 },
    { url = "https://files.pythonhosted.org/packages/af/03/863fe7062c2106d3c151f7df9353f2ae2237c1dd6900f127a3eb1f24cb1b/numpy-2.1.2-cp311-cp311-musllinux_1_1_x86_64.whl", hash = "sha256:2cbba4b30bf31ddbe97f1c7205ef976909a93a66bb1583e983adbd155ba72ac2", size = 16710893 },
    { url = "https://files.pythonhosted.org/packages/70/77/0ad9efe25482009873f9660d29a40a8c41a6f0e8b541195e3c95c70684c5/numpy-2.1.2-cp311-cp311-musllinux_1_2_aarch64.whl", hash = "sha256:8e00ea6fc82e8a804433d3e9cedaa1051a1422cb6e443011590c14d2dea59146", size = 14398048 },
    { url = "https://files.pythonhosted.org/packages/3e/0f/e785fe75544db9f2b0bb1c181e13ceff349ce49753d807fd9672916aa06d/numpy-2.1.2-cp311-cp311-win32.whl", hash = "sha256:5006b13a06e0b38d561fab5ccc37581f23c9511879be7693bd33c7cd15ca227c", size = 6533458 },
    { url = "https://files.pythonhosted.org/packages/d4/96/450054662295125af861d48d2c4bc081dadcf1974a879b2104613157aa62/numpy-2.1.2-cp311-cp311-win_amd64.whl", hash = "sha256:f1eb068ead09f4994dec71c24b2844f1e4e4e013b9629f812f292f04bd1510d9", size = 12870896 },
    { url = "https://files.pythonhosted.org/packages/a0/7d/554a6838f37f3ada5a55f25173c619d556ae98092a6e01afb6e710501d70/numpy-2.1.2-cp312-cp312-macosx_10_13_x86_64.whl", hash = "sha256:d7bf0a4f9f15b32b5ba53147369e94296f5fffb783db5aacc1be15b4bf72f43b", size = 20848077 },
    { url = "https://files.pythonhosted.org/packages/b0/29/cb48a402ea879e645b16218718f3f7d9588a77d674a9dcf22e4c43487636/numpy-2.1.2-cp312-cp312-macosx_11_0_arm64.whl", hash = "sha256:b1d0fcae4f0949f215d4632be684a539859b295e2d0cb14f78ec231915d644db", size = 13493242 },
    { url = "https://files.pythonhosted.org/packages/56/44/f899b0581766c230da42f751b7b8896d096640b19b312164c267e48d36cb/numpy-2.1.2-cp312-cp312-macosx_14_0_arm64.whl", hash = "sha256:f751ed0a2f250541e19dfca9f1eafa31a392c71c832b6bb9e113b10d050cb0f1", size = 5089219 },
    { url = "https://files.pythonhosted.org/packages/79/8f/b987070d45161a7a4504afc67ed38544ed2c0ed5576263599a0402204a9c/numpy-2.1.2-cp312-cp312-macosx_14_0_x86_64.whl", hash = "sha256:bd33f82e95ba7ad632bc57837ee99dba3d7e006536200c4e9124089e1bf42426", size = 6620167 },
    { url = "https://files.pythonhosted.org/packages/c4/a7/af3329fda3c3ec31d9b650e42bbcd3422fc62a765cbb1405fde4177a0996/numpy-2.1.2-cp312-cp312-manylinux_2_17_aarch64.manylinux2014_aarch64.whl", hash = "sha256:1b8cde4f11f0a975d1fd59373b32e2f5a562ade7cde4f85b7137f3de8fbb29a0", size = 13604905 },
    { url = "https://files.pythonhosted.org/packages/9b/b4/e3c7e6fab0f77fff6194afa173d1f2342073d91b1d3b4b30b17c3fb4407a/numpy-2.1.2-cp312-cp312-manylinux_2_17_x86_64.manylinux2014_x86_64.whl", hash = "sha256:6d95f286b8244b3649b477ac066c6906fbb2905f8ac19b170e2175d3d799f4df", size = 16041825 },
    { url = "https://files.pythonhosted.org/packages/e9/50/6828e66a78aa03147c111f84d55f33ce2dde547cb578d6744a3b06a0124b/numpy-2.1.2-cp312-cp312-musllinux_1_1_x86_64.whl", hash = "sha256:ab4754d432e3ac42d33a269c8567413bdb541689b02d93788af4131018cbf366", size = 16409541 },
    { url = "https://files.pythonhosted.org/packages/bf/72/66af7916d9c3c6dbfbc8acdd4930c65461e1953374a2bc43d00f948f004a/numpy-2.1.2-cp312-cp312-musllinux_1_2_aarch64.whl", hash = "sha256:e585c8ae871fd38ac50598f4763d73ec5497b0de9a0ab4ef5b69f01c6a046142", size = 14081134 },
    { url = "https://files.pythonhosted.org/packages/dc/5a/59a67d84f33fe00ae74f0b5b69dd4f93a586a4aba7f7e19b54b2133db038/numpy-2.1.2-cp312-cp312-win32.whl", hash = "sha256:9c6c754df29ce6a89ed23afb25550d1c2d5fdb9901d9c67a16e0b16eaf7e2550", size = 6237784 },
    { url = "https://files.pythonhosted.org/packages/4c/79/73735a6a5dad6059c085f240a4e74c9270feccd2bc66e4d31b5ca01d329c/numpy-2.1.2-cp312-cp312-win_amd64.whl", hash = "sha256:456e3b11cb79ac9946c822a56346ec80275eaf2950314b249b512896c0d2505e", size = 12568254 },
    { url = "https://files.pythonhosted.org/packages/16/72/716fa1dbe92395a9a623d5049203ff8ddb0cfce65b9df9117c3696ccc011/numpy-2.1.2-cp313-cp313-macosx_10_13_x86_64.whl", hash = "sha256:a84498e0d0a1174f2b3ed769b67b656aa5460c92c9554039e11f20a05650f00d", size = 20834690 },
    { url = "https://files.pythonhosted.org/packages/1e/fb/3e85a39511586053b5c6a59a643879e376fae22230ebfef9cfabb0e032e2/numpy-2.1.2-cp313-cp313-macosx_11_0_arm64.whl", hash = "sha256:4d6ec0d4222e8ffdab1744da2560f07856421b367928026fb540e1945f2eeeaf", size = 13507474 },
    { url = "https://files.pythonhosted.org/packages/35/eb/5677556d9ba13436dab51e129f98d4829d95cd1b6bd0e199c14485a4bdb9/numpy-2.1.2-cp313-cp313-macosx_14_0_arm64.whl", hash = "sha256:259ec80d54999cc34cd1eb8ded513cb053c3bf4829152a2e00de2371bd406f5e", size = 5074742 },
    { url = "https://files.pythonhosted.org/packages/3e/c5/6c5ef5ba41b65a7e51bed50dbf3e1483eb578055633dd013e811a28e96a1/numpy-2.1.2-cp313-cp313-macosx_14_0_x86_64.whl", hash = "sha256:675c741d4739af2dc20cd6c6a5c4b7355c728167845e3c6b0e824e4e5d36a6c3", size = 6606787 },
    { url = "https://files.pythonhosted.org/packages/08/ac/f2f29dd4fd325b379c7dc932a0ebab22f0e031dbe80b2f6019b291a3a544/numpy-2.1.2-cp313-cp313-manylinux_2_17_aarch64.manylinux2014_aarch64.whl", hash = "sha256:05b2d4e667895cc55e3ff2b56077e4c8a5604361fc21a042845ea3ad67465aa8", size = 13601333 },
    { url = "https://files.pythonhosted.org/packages/44/26/63f5f4e5089654dfb858f4892215ed968cd1a68e6f4a83f9961f84f855cb/numpy-2.1.2-cp313-cp313-manylinux_2_17_x86_64.manylinux2014_x86_64.whl", hash = "sha256:43cca367bf94a14aca50b89e9bc2061683116cfe864e56740e083392f533ce7a", size = 16038090 },
    { url = "https://files.pythonhosted.org/packages/1d/21/015e0594de9c3a8d5edd24943d2bd23f102ec71aec026083f822f86497e2/numpy-2.1.2-cp313-cp313-musllinux_1_1_x86_64.whl", hash = "sha256:76322dcdb16fccf2ac56f99048af32259dcc488d9b7e25b51e5eca5147a3fb98", size = 16410865 },
    { url = "https://files.pythonhosted.org/packages/df/01/c1bcf9e6025d79077fbf3f3ee503b50aa7bfabfcd8f4b54f5829f4c00f3f/numpy-2.1.2-cp313-cp313-musllinux_1_2_aarch64.whl", hash = "sha256:32e16a03138cabe0cb28e1007ee82264296ac0983714094380b408097a418cfe", size = 14078077 },
    { url = "https://files.pythonhosted.org/packages/ba/06/db9d127d63bd11591770ba9f3d960f8041e0f895184b9351d4b1b5b56983/numpy-2.1.2-cp313-cp313-win32.whl", hash = "sha256:242b39d00e4944431a3cd2db2f5377e15b5785920421993770cddb89992c3f3a", size = 6234904 },
    { url = "https://files.pythonhosted.org/packages/a9/96/9f61f8f95b6e0ea0aa08633b704c75d1882bdcb331bdf8bfd63263b25b00/numpy-2.1.2-cp313-cp313-win_amd64.whl", hash = "sha256:f2ded8d9b6f68cc26f8425eda5d3877b47343e68ca23d0d0846f4d312ecaa445", size = 12561910 },
    { url = "https://files.pythonhosted.org/packages/36/b8/033f627821784a48e8f75c218033471eebbaacdd933f8979c79637a1b44b/numpy-2.1.2-cp313-cp313t-macosx_10_13_x86_64.whl", hash = "sha256:2ffef621c14ebb0188a8633348504a35c13680d6da93ab5cb86f4e54b7e922b5", size = 20857719 },
    { url = "https://files.pythonhosted.org/packages/96/46/af5726fde5b74ed83f2f17a73386d399319b7ed4d51279fb23b721d0816d/numpy-2.1.2-cp313-cp313t-macosx_11_0_arm64.whl", hash = "sha256:ad369ed238b1959dfbade9018a740fb9392c5ac4f9b5173f420bd4f37ba1f7a0", size = 13518826 },
    { url = "https://files.pythonhosted.org/packages/db/6e/8ce677edf36da1c4dae80afe5529f47690697eb55b4864673af260ccea7b/numpy-2.1.2-cp313-cp313t-macosx_14_0_arm64.whl", hash = "sha256:d82075752f40c0ddf57e6e02673a17f6cb0f8eb3f587f63ca1eaab5594da5b17", size = 5115036 },
    { url = "https://files.pythonhosted.org/packages/6a/ba/3cce44fb1b8438042c11847048812a776f75ee0e7070179c22e4cfbf420c/numpy-2.1.2-cp313-cp313t-macosx_14_0_x86_64.whl", hash = "sha256:1600068c262af1ca9580a527d43dc9d959b0b1d8e56f8a05d830eea39b7c8af6", size = 6628641 },
    { url = "https://files.pythonhosted.org/packages/59/c8/e722998720ccbd35ffbcf1d1b8ed0aa2304af88d3f1c38e06ebf983599b3/numpy-2.1.2-cp313-cp313t-manylinux_2_17_aarch64.manylinux2014_aarch64.whl", hash = "sha256:a26ae94658d3ba3781d5e103ac07a876b3e9b29db53f68ed7df432fd033358a8", size = 13574803 },
    { url = "https://files.pythonhosted.org/packages/7c/8e/fc1fdd83a55476765329ac2913321c4aed5b082a7915095628c4ca30ea72/numpy-2.1.2-cp313-cp313t-manylinux_2_17_x86_64.manylinux2014_x86_64.whl", hash = "sha256:13311c2db4c5f7609b462bc0f43d3c465424d25c626d95040f073e30f7570e35", size = 16021174 },
    { url = "https://files.pythonhosted.org/packages/2a/b6/a790742aa88067adb4bd6c89a946778c1417d4deaeafce3ca928f26d4c52/numpy-2.1.2-cp313-cp313t-musllinux_1_1_x86_64.whl", hash = "sha256:2abbf905a0b568706391ec6fa15161fad0fb5d8b68d73c461b3c1bab6064dd62", size = 16400117 },
    { url = "https://files.pythonhosted.org/packages/48/6f/129e3c17e3befe7fefdeaa6890f4c4df3f3cf0831aa053802c3862da67aa/numpy-2.1.2-cp313-cp313t-musllinux_1_2_aarch64.whl", hash = "sha256:ef444c57d664d35cac4e18c298c47d7b504c66b17c2ea91312e979fcfbdfb08a", size = 14066202 },
]

[[package]]
name = "opt-einsum"
version = "3.4.0"
source = { registry = "https://pypi.org/simple" }
sdist = { url = "https://files.pythonhosted.org/packages/8c/b9/2ac072041e899a52f20cf9510850ff58295003aa75525e58343591b0cbfb/opt_einsum-3.4.0.tar.gz", hash = "sha256:96ca72f1b886d148241348783498194c577fa30a8faac108586b14f1ba4473ac", size = 63004 }
wheels = [
    { url = "https://files.pythonhosted.org/packages/23/cd/066e86230ae37ed0be70aae89aabf03ca8d9f39c8aea0dec8029455b5540/opt_einsum-3.4.0-py3-none-any.whl", hash = "sha256:69bb92469f86a1565195ece4ac0323943e83477171b91d24c35afe028a90d7cd", size = 71932 },
]

[[package]]
name = "scipy"
version = "1.14.1"
source = { registry = "https://pypi.org/simple" }
dependencies = [
    { name = "numpy" },
]
sdist = { url = "https://files.pythonhosted.org/packages/62/11/4d44a1f274e002784e4dbdb81e0ea96d2de2d1045b2132d5af62cc31fd28/scipy-1.14.1.tar.gz", hash = "sha256:5a275584e726026a5699459aa72f828a610821006228e841b94275c4a7c08417", size = 58620554 }
wheels = [
    { url = "https://files.pythonhosted.org/packages/b2/ab/070ccfabe870d9f105b04aee1e2860520460ef7ca0213172abfe871463b9/scipy-1.14.1-cp311-cp311-macosx_10_13_x86_64.whl", hash = "sha256:2da0469a4ef0ecd3693761acbdc20f2fdeafb69e6819cc081308cc978153c675", size = 39076999 },
    { url = "https://files.pythonhosted.org/packages/a7/c5/02ac82f9bb8f70818099df7e86c3ad28dae64e1347b421d8e3adf26acab6/scipy-1.14.1-cp311-cp311-macosx_12_0_arm64.whl", hash = "sha256:c0ee987efa6737242745f347835da2cc5bb9f1b42996a4d97d5c7ff7928cb6f2", size = 29894570 },
    { url = "https://files.pythonhosted.org/packages/ed/05/7f03e680cc5249c4f96c9e4e845acde08eb1aee5bc216eff8a089baa4ddb/scipy-1.14.1-cp311-cp311-macosx_14_0_arm64.whl", hash = "sha256:3a1b111fac6baec1c1d92f27e76511c9e7218f1695d61b59e05e0fe04dc59617", size = 23103567 },
    { url = "https://files.pythonhosted.org/packages/5e/fc/9f1413bef53171f379d786aabc104d4abeea48ee84c553a3e3d8c9f96a9c/scipy-1.14.1-cp311-cp311-macosx_14_0_x86_64.whl", hash = "sha256:8475230e55549ab3f207bff11ebfc91c805dc3463ef62eda3ccf593254524ce8", size = 25499102 },
    { url = "https://files.pythonhosted.org/packages/c2/4b/b44bee3c2ddc316b0159b3d87a3d467ef8d7edfd525e6f7364a62cd87d90/scipy-1.14.1-cp311-cp311-manylinux_2_17_aarch64.manylinux2014_aarch64.whl", hash = "sha256:278266012eb69f4a720827bdd2dc54b2271c97d84255b2faaa8f161a158c3b37", size = 35586346 },
    { url = "https://files.pythonhosted.org/packages/93/6b/701776d4bd6bdd9b629c387b5140f006185bd8ddea16788a44434376b98f/scipy-1.14.1-cp311-cp311-manylinux_2_17_x86_64.manylinux2014_x86_64.whl", hash = "sha256:fef8c87f8abfb884dac04e97824b61299880c43f4ce675dd2cbeadd3c9b466d2", size = 41165244 },
    { url = "https://files.pythonhosted.org/packages/06/57/e6aa6f55729a8f245d8a6984f2855696c5992113a5dc789065020f8be753/scipy-1.14.1-cp311-cp311-musllinux_1_2_x86_64.whl", hash = "sha256:b05d43735bb2f07d689f56f7b474788a13ed8adc484a85aa65c0fd931cf9ccd2", size = 42817917 },
    { url = "https://files.pythonhosted.org/packages/ea/c2/5ecadc5fcccefaece775feadcd795060adf5c3b29a883bff0e678cfe89af/scipy-1.14.1-cp311-cp311-win_amd64.whl", hash = "sha256:716e389b694c4bb564b4fc0c51bc84d381735e0d39d3f26ec1af2556ec6aad94", size = 44781033 },
    { url = "https://files.pythonhosted.org/packages/c0/04/2bdacc8ac6387b15db6faa40295f8bd25eccf33f1f13e68a72dc3c60a99e/scipy-1.14.1-cp312-cp312-macosx_10_13_x86_64.whl", hash = "sha256:631f07b3734d34aced009aaf6fedfd0eb3498a97e581c3b1e5f14a04164a456d", size = 39128781 },
    { url = "https://files.pythonhosted.org/packages/c8/53/35b4d41f5fd42f5781dbd0dd6c05d35ba8aa75c84ecddc7d44756cd8da2e/scipy-1.14.1-cp312-cp312-macosx_12_0_arm64.whl", hash = "sha256:af29a935803cc707ab2ed7791c44288a682f9c8107bc00f0eccc4f92c08d6e07", size = 29939542 },
    { url = "https://files.pythonhosted.org/packages/66/67/6ef192e0e4d77b20cc33a01e743b00bc9e68fb83b88e06e636d2619a8767/scipy-1.14.1-cp312-cp312-macosx_14_0_arm64.whl", hash = "sha256:2843f2d527d9eebec9a43e6b406fb7266f3af25a751aa91d62ff416f54170bc5", size = 23148375 },
    { url = "https://files.pythonhosted.org/packages/f6/32/3a6dedd51d68eb7b8e7dc7947d5d841bcb699f1bf4463639554986f4d782/scipy-1.14.1-cp312-cp312-macosx_14_0_x86_64.whl", hash = "sha256:eb58ca0abd96911932f688528977858681a59d61a7ce908ffd355957f7025cfc", size = 25578573 },
    { url = "https://files.pythonhosted.org/packages/f0/5a/efa92a58dc3a2898705f1dc9dbaf390ca7d4fba26d6ab8cfffb0c72f656f/scipy-1.14.1-cp312-cp312-manylinux_2_17_aarch64.manylinux2014_aarch64.whl", hash = "sha256:30ac8812c1d2aab7131a79ba62933a2a76f582d5dbbc695192453dae67ad6310", size = 35319299 },
    { url = "https://files.pythonhosted.org/packages/8e/ee/8a26858ca517e9c64f84b4c7734b89bda8e63bec85c3d2f432d225bb1886/scipy-1.14.1-cp312-cp312-manylinux_2_17_x86_64.manylinux2014_x86_64.whl", hash = "sha256:8f9ea80f2e65bdaa0b7627fb00cbeb2daf163caa015e59b7516395fe3bd1e066", size = 40849331 },
    { url = "https://files.pythonhosted.org/packages/a5/cd/06f72bc9187840f1c99e1a8750aad4216fc7dfdd7df46e6280add14b4822/scipy-1.14.1-cp312-cp312-musllinux_1_2_x86_64.whl", hash = "sha256:edaf02b82cd7639db00dbff629995ef185c8df4c3ffa71a5562a595765a06ce1", size = 42544049 },
    { url = "https://files.pythonhosted.org/packages/aa/7d/43ab67228ef98c6b5dd42ab386eae2d7877036970a0d7e3dd3eb47a0d530/scipy-1.14.1-cp312-cp312-win_amd64.whl", hash = "sha256:2ff38e22128e6c03ff73b6bb0f85f897d2362f8c052e3b8ad00532198fbdae3f", size = 44521212 },
    { url = "https://files.pythonhosted.org/packages/50/ef/ac98346db016ff18a6ad7626a35808f37074d25796fd0234c2bb0ed1e054/scipy-1.14.1-cp313-cp313-macosx_10_13_x86_64.whl", hash = "sha256:1729560c906963fc8389f6aac023739ff3983e727b1a4d87696b7bf108316a79", size = 39091068 },
    { url = "https://files.pythonhosted.org/packages/b9/cc/70948fe9f393b911b4251e96b55bbdeaa8cca41f37c26fd1df0232933b9e/scipy-1.14.1-cp313-cp313-macosx_12_0_arm64.whl", hash = "sha256:4079b90df244709e675cdc8b93bfd8a395d59af40b72e339c2287c91860deb8e", size = 29875417 },
    { url = "https://files.pythonhosted.org/packages/3b/2e/35f549b7d231c1c9f9639f9ef49b815d816bf54dd050da5da1c11517a218/scipy-1.14.1-cp313-cp313-macosx_14_0_arm64.whl", hash = "sha256:e0cf28db0f24a38b2a0ca33a85a54852586e43cf6fd876365c86e0657cfe7d73", size = 23084508 },
    { url = "https://files.pythonhosted.org/packages/3f/d6/b028e3f3e59fae61fb8c0f450db732c43dd1d836223a589a8be9f6377203/scipy-1.14.1-cp313-cp313-macosx_14_0_x86_64.whl", hash = "sha256:0c2f95de3b04e26f5f3ad5bb05e74ba7f68b837133a4492414b3afd79dfe540e", size = 25503364 },
    { url = "https://files.pythonhosted.org/packages/a7/2f/6c142b352ac15967744d62b165537a965e95d557085db4beab2a11f7943b/scipy-1.14.1-cp313-cp313-manylinux_2_17_aarch64.manylinux2014_aarch64.whl", hash = "sha256:b99722ea48b7ea25e8e015e8341ae74624f72e5f21fc2abd45f3a93266de4c5d", size = 35292639 },
    { url = "https://files.pythonhosted.org/packages/56/46/2449e6e51e0d7c3575f289f6acb7f828938eaab8874dbccfeb0cd2b71a27/scipy-1.14.1-cp313-cp313-manylinux_2_17_x86_64.manylinux2014_x86_64.whl", hash = "sha256:5149e3fd2d686e42144a093b206aef01932a0059c2a33ddfa67f5f035bdfe13e", size = 40798288 },
    { url = "https://files.pythonhosted.org/packages/32/cd/9d86f7ed7f4497c9fd3e39f8918dd93d9f647ba80d7e34e4946c0c2d1a7c/scipy-1.14.1-cp313-cp313-musllinux_1_2_x86_64.whl", hash = "sha256:e4f5a7c49323533f9103d4dacf4e4f07078f360743dec7f7596949149efeec06", size = 42524647 },
    { url = "https://files.pythonhosted.org/packages/f5/1b/6ee032251bf4cdb0cc50059374e86a9f076308c1512b61c4e003e241efb7/scipy-1.14.1-cp313-cp313-win_amd64.whl", hash = "sha256:baff393942b550823bfce952bb62270ee17504d02a1801d7fd0719534dfb9c84", size = 44469524 },
]

[[package]]
name = "typing-extensions"
version = "4.12.2"
source = { registry = "https://pypi.org/simple" }
sdist = { url = "https://files.pythonhosted.org/packages/df/db/f35a00659bc03fec321ba8bce9420de607a1d37f8342eee1863174c69557/typing_extensions-4.12.2.tar.gz", hash = "sha256:1a7ead55c7e559dd4dee8856e3a88b41225abfe1ce8df57b7c13915fe121ffb8", size = 85321 }
wheels = [
    { url = "https://files.pythonhosted.org/packages/26/9f/ad63fc0248c5379346306f8668cda6e2e2e9c95e01216d2b8ffd9ff037d0/typing_extensions-4.12.2-py3-none-any.whl", hash = "sha256:04e5ca0351e0f3f85c6853954072df659d0d13fac324d0072316b67d7794700d", size = 37438 },
]
